
Microsoft Visual Studio Solution File, Format Version 12.00
# Visual Studio Version 16
VisualStudioVersion = 16.0.31105.61
MinimumVisualStudioVersion = 10.0.40219.1
Project("{FAE04EC0-301F-11D3-BF4B-00C04F79EFBC}") = "TestAutomationPractise", "TestAutomationPractise\TestAutomationPractise.csproj", "{9C702686-B003-4FC0-A865-23AAF3A60BA3}"
EndProject
Global
	GlobalSection(SolutionConfigurationPlatforms) = preSolution
		Debug|Any CPU = Debug|Any CPU
		Release|Any CPU = Release|Any CPU
	EndGlobalSection
	GlobalSection(ProjectConfigurationPlatforms) = postSolution
		{9C702686-B003-4FC0-A865-23AAF3A60BA3}.Debug|Any CPU.ActiveCfg = Debug|Any CPU
		{9C702686-B003-4FC0-A865-23AAF3A60BA3}.Debug|Any CPU.Build.0 = Debug|Any CPU
		{9C702686-B003-4FC0-A865-23AAF3A60BA3}.Release|Any CPU.ActiveCfg = Release|Any CPU
		{9C702686-B003-4FC0-A865-23AAF3A60BA3}.Release|Any CPU.Build.0 = Release|Any CPU
	EndGlobalSection
	GlobalSection(SolutionProperties) = preSolution
		HideSolutionNode = FALSE
	EndGlobalSection
	GlobalSection(ExtensibilityGlobals) = postSolution
		SolutionGuid = {D882D427-6431-4E82-822D-92C58B63EA72}
	EndGlobalSection
EndGlobal
